// !$*UTF8*$!
{
	archiveVersion = 1;
	classes = {
	};
	objectVersion = 56;
	objects = {

/* Begin PBXBuildFile section */
		5E0ECDEE2D27F210001E4F10 /* AppDelegate.swift in Sources */ = {isa = PBXBuildFile; fileRef = 5E0ECDED2D27F210001E4F10 /* AppDelegate.swift */; };
		5E0ECDF02D27F210001E4F10 /* SceneDelegate.swift in Sources */ = {isa = PBXBuildFile; fileRef = 5E0ECDEF2D27F210001E4F10 /* SceneDelegate.swift */; };
		5E0ECDF22D27F210001E4F10 /* ViewController.swift in Sources */ = {isa = PBXBuildFile; fileRef = 5E0ECDF12D27F210001E4F10 /* ViewController.swift */; };
		5E0ECDF52D27F210001E4F10 /* Main.storyboard in Resources */ = {isa = PBXBuildFile; fileRef = 5E0ECDF32D27F210001E4F10 /* Main.storyboard */; };
		5E0ECDF72D27F212001E4F10 /* Assets.xcassets in Resources */ = {isa = PBXBuildFile; fileRef = 5E0ECDF62D27F212001E4F10 /* Assets.xcassets */; };
		5E0ECDFA2D27F212001E4F10 /* LaunchScreen.storyboard in Resources */ = {isa = PBXBuildFile; fileRef = 5E0ECDF82D27F212001E4F10 /* LaunchScreen.storyboard */; };
		5E0ECE032D27F2A5001E4F10 /* Kingfisher in Frameworks */ = {isa = PBXBuildFile; productRef = 5E0ECE022D27F2A5001E4F10 /* Kingfisher */; };
		5E0ECE062D27F41D001E4F10 /* TravelInfo.swift in Sources */ = {isa = PBXBuildFile; fileRef = 5E0ECE042D27F41D001E4F10 /* TravelInfo.swift */; };
		5E0ECE072D27F41D001E4F10 /* MagazineInfo.swift in Sources */ = {isa = PBXBuildFile; fileRef = 5E0ECE052D27F41D001E4F10 /* MagazineInfo.swift */; };
		5E0ECE092D27F6F0001E4F10 /* MagazineInfoTableViewController.swift in Sources */ = {isa = PBXBuildFile; fileRef = 5E0ECE082D27F6F0001E4F10 /* MagazineInfoTableViewController.swift */; };
		5E0ECE0B2D27F771001E4F10 /* MagazineInfoTableViewCell.swift in Sources */ = {isa = PBXBuildFile; fileRef = 5E0ECE0A2D27F771001E4F10 /* MagazineInfoTableViewCell.swift */; };
		5E0ECE202D29911D001E4F10 /* TravelInfoTableViewController.swift in Sources */ = {isa = PBXBuildFile; fileRef = 5E0ECE1F2D29911D001E4F10 /* TravelInfoTableViewController.swift */; };
		5E0ECE222D299671001E4F10 /* TravelInfoTableViewCell.swift in Sources */ = {isa = PBXBuildFile; fileRef = 5E0ECE212D299671001E4F10 /* TravelInfoTableViewCell.swift */; };
		5E0ECE242D2AB233001E4F10 /* ADTableViewCell.swift in Sources */ = {isa = PBXBuildFile; fileRef = 5E0ECE232D2AB233001E4F10 /* ADTableViewCell.swift */; };
		5E0ECE262D2AD3D0001E4F10 /* ShoppingTableViewController.swift in Sources */ = {isa = PBXBuildFile; fileRef = 5E0ECE252D2AD3D0001E4F10 /* ShoppingTableViewController.swift */; };
		5E0ECE282D2AD407001E4F10 /* ShoppingInfo.swift in Sources */ = {isa = PBXBuildFile; fileRef = 5E0ECE272D2AD407001E4F10 /* ShoppingInfo.swift */; };
		5E0ECE2A2D2AD598001E4F10 /* ShoppingTableViewCell.swift in Sources */ = {isa = PBXBuildFile; fileRef = 5E0ECE292D2AD598001E4F10 /* ShoppingTableViewCell.swift */; };
		5E0ECE2C2D2AD691001E4F10 /* ShoppingListTableViewCell.swift in Sources */ = {isa = PBXBuildFile; fileRef = 5E0ECE2B2D2AD691001E4F10 /* ShoppingListTableViewCell.swift */; };
/* End PBXBuildFile section */

/* Begin PBXFileReference section */
		5E0ECDEA2D27F210001E4F10 /* SeSacHW8.app */ = {isa = PBXFileReference; explicitFileType = wrapper.application; includeInIndex = 0; path = SeSacHW8.app; sourceTree = BUILT_PRODUCTS_DIR; };
		5E0ECDED2D27F210001E4F10 /* AppDelegate.swift */ = {isa = PBXFileReference; lastKnownFileType = sourcecode.swift; path = AppDelegate.swift; sourceTree = "<group>"; };
		5E0ECDEF2D27F210001E4F10 /* SceneDelegate.swift */ = {isa = PBXFileReference; lastKnownFileType = sourcecode.swift; path = SceneDelegate.swift; sourceTree = "<group>"; };
		5E0ECDF12D27F210001E4F10 /* ViewController.swift */ = {isa = PBXFileReference; lastKnownFileType = sourcecode.swift; path = ViewController.swift; sourceTree = "<group>"; };
		5E0ECDF42D27F210001E4F10 /* Base */ = {isa = PBXFileReference; lastKnownFileType = file.storyboard; name = Base; path = Base.lproj/Main.storyboard; sourceTree = "<group>"; };
		5E0ECDF62D27F212001E4F10 /* Assets.xcassets */ = {isa = PBXFileReference; lastKnownFileType = folder.assetcatalog; path = Assets.xcassets; sourceTree = "<group>"; };
		5E0ECDF92D27F212001E4F10 /* Base */ = {isa = PBXFileReference; lastKnownFileType = file.storyboard; name = Base; path = Base.lproj/LaunchScreen.storyboard; sourceTree = "<group>"; };
		5E0ECDFB2D27F212001E4F10 /* Info.plist */ = {isa = PBXFileReference; lastKnownFileType = text.plist.xml; path = Info.plist; sourceTree = "<group>"; };
		5E0ECE042D27F41D001E4F10 /* TravelInfo.swift */ = {isa = PBXFileReference; fileEncoding = 4; lastKnownFileType = sourcecode.swift; path = TravelInfo.swift; sourceTree = "<group>"; };
		5E0ECE052D27F41D001E4F10 /* MagazineInfo.swift */ = {isa = PBXFileReference; fileEncoding = 4; lastKnownFileType = sourcecode.swift; path = MagazineInfo.swift; sourceTree = "<group>"; };
		5E0ECE082D27F6F0001E4F10 /* MagazineInfoTableViewController.swift */ = {isa = PBXFileReference; lastKnownFileType = sourcecode.swift; path = MagazineInfoTableViewController.swift; sourceTree = "<group>"; };
		5E0ECE0A2D27F771001E4F10 /* MagazineInfoTableViewCell.swift */ = {isa = PBXFileReference; lastKnownFileType = sourcecode.swift; path = MagazineInfoTableViewCell.swift; sourceTree = "<group>"; };
		5E0ECE1F2D29911D001E4F10 /* TravelInfoTableViewController.swift */ = {isa = PBXFileReference; lastKnownFileType = sourcecode.swift; path = TravelInfoTableViewController.swift; sourceTree = "<group>"; };
		5E0ECE212D299671001E4F10 /* TravelInfoTableViewCell.swift */ = {isa = PBXFileReference; lastKnownFileType = sourcecode.swift; path = TravelInfoTableViewCell.swift; sourceTree = "<group>"; };
		5E0ECE232D2AB233001E4F10 /* ADTableViewCell.swift */ = {isa = PBXFileReference; lastKnownFileType = sourcecode.swift; path = ADTableViewCell.swift; sourceTree = "<group>"; };
		5E0ECE252D2AD3D0001E4F10 /* ShoppingTableViewController.swift */ = {isa = PBXFileReference; lastKnownFileType = sourcecode.swift; path = ShoppingTableViewController.swift; sourceTree = "<group>"; };
		5E0ECE272D2AD407001E4F10 /* ShoppingInfo.swift */ = {isa = PBXFileReference; lastKnownFileType = sourcecode.swift; path = ShoppingInfo.swift; sourceTree = "<group>"; };
		5E0ECE292D2AD598001E4F10 /* ShoppingTableViewCell.swift */ = {isa = PBXFileReference; lastKnownFileType = sourcecode.swift; path = ShoppingTableViewCell.swift; sourceTree = "<group>"; };
		5E0ECE2B2D2AD691001E4F10 /* ShoppingListTableViewCell.swift */ = {isa = PBXFileReference; lastKnownFileType = sourcecode.swift; path = ShoppingListTableViewCell.swift; sourceTree = "<group>"; };
/* End PBXFileReference section */

/* Begin PBXFrameworksBuildPhase section */
		5E0ECDE72D27F210001E4F10 /* Frameworks */ = {
			isa = PBXFrameworksBuildPhase;
			buildActionMask = 2147483647;
			files = (
				5E0ECE032D27F2A5001E4F10 /* Kingfisher in Frameworks */,
			);
			runOnlyForDeploymentPostprocessing = 0;
		};
/* End PBXFrameworksBuildPhase section */

/* Begin PBXGroup section */
		5E0ECDE12D27F210001E4F10 = {
			isa = PBXGroup;
			children = (
				5E0ECDEC2D27F210001E4F10 /* SeSacHW8 */,
				5E0ECDEB2D27F210001E4F10 /* Products */,
			);
			sourceTree = "<group>";
		};
		5E0ECDEB2D27F210001E4F10 /* Products */ = {
			isa = PBXGroup;
			children = (
				5E0ECDEA2D27F210001E4F10 /* SeSacHW8.app */,
			);
			name = Products;
			sourceTree = "<group>";
		};
		5E0ECDEC2D27F210001E4F10 /* SeSacHW8 */ = {
			isa = PBXGroup;
			children = (
				5E0ECDED2D27F210001E4F10 /* AppDelegate.swift */,
				5E0ECDEF2D27F210001E4F10 /* SceneDelegate.swift */,
				5E0ECDF12D27F210001E4F10 /* ViewController.swift */,
				5E0ECE232D2AB233001E4F10 /* ADTableViewCell.swift */,
				5E0ECE292D2AD598001E4F10 /* ShoppingTableViewCell.swift */,
				5E0ECDF32D27F210001E4F10 /* Main.storyboard */,
				5E0ECE252D2AD3D0001E4F10 /* ShoppingTableViewController.swift */,
				5E0ECE2B2D2AD691001E4F10 /* ShoppingListTableViewCell.swift */,
				5E0ECE212D299671001E4F10 /* TravelInfoTableViewCell.swift */,
				5E0ECE1F2D29911D001E4F10 /* TravelInfoTableViewController.swift */,
				5E0ECE0A2D27F771001E4F10 /* MagazineInfoTableViewCell.swift */,
				5E0ECE272D2AD407001E4F10 /* ShoppingInfo.swift */,
				5E0ECE082D27F6F0001E4F10 /* MagazineInfoTableViewController.swift */,
				5E0ECDF62D27F212001E4F10 /* Assets.xcassets */,
				5E0ECDF82D27F212001E4F10 /* LaunchScreen.storyboard */,
				5E0ECDFB2D27F212001E4F10 /* Info.plist */,
				5E0ECE052D27F41D001E4F10 /* MagazineInfo.swift */,
				5E0ECE042D27F41D001E4F10 /* TravelInfo.swift */,
			);
			path = SeSacHW8;
			sourceTree = "<group>";
		};
/* End PBXGroup section */

/* Begin PBXNativeTarget section */
		5E0ECDE92D27F210001E4F10 /* SeSacHW8 */ = {
			isa = PBXNativeTarget;
			buildConfigurationList = 5E0ECDFE2D27F212001E4F10 /* Build configuration list for PBXNativeTarget "SeSacHW8" */;
			buildPhases = (
				5E0ECDE62D27F210001E4F10 /* Sources */,
				5E0ECDE72D27F210001E4F10 /* Frameworks */,
				5E0ECDE82D27F210001E4F10 /* Resources */,
			);
			buildRules = (
			);
			dependencies = (
			);
			name = SeSacHW8;
			packageProductDependencies = (
				5E0ECE022D27F2A5001E4F10 /* Kingfisher */,
			);
			productName = SeSacHW8;
			productReference = 5E0ECDEA2D27F210001E4F10 /* SeSacHW8.app */;
			productType = "com.apple.product-type.application";
		};
/* End PBXNativeTarget section */

/* Begin PBXProject section */
		5E0ECDE22D27F210001E4F10 /* Project object */ = {
			isa = PBXProject;
			attributes = {
				BuildIndependentTargetsInParallel = 1;
				LastSwiftUpdateCheck = 1520;
				LastUpgradeCheck = 1520;
				TargetAttributes = {
					5E0ECDE92D27F210001E4F10 = {
						CreatedOnToolsVersion = 15.2;
					};
				};
			};
			buildConfigurationList = 5E0ECDE52D27F210001E4F10 /* Build configuration list for PBXProject "SeSacHW8" */;
			compatibilityVersion = "Xcode 14.0";
			developmentRegion = en;
			hasScannedForEncodings = 0;
			knownRegions = (
				en,
				Base,
			);
			mainGroup = 5E0ECDE12D27F210001E4F10;
			packageReferences = (
				5E0ECE012D27F2A5001E4F10 /* XCRemoteSwiftPackageReference "Kingfisher" */,
			);
			productRefGroup = 5E0ECDEB2D27F210001E4F10 /* Products */;
			projectDirPath = "";
			projectRoot = "";
			targets = (
				5E0ECDE92D27F210001E4F10 /* SeSacHW8 */,
			);
		};
/* End PBXProject section */

/* Begin PBXResourcesBuildPhase section */
		5E0ECDE82D27F210001E4F10 /* Resources */ = {
			isa = PBXResourcesBuildPhase;
			buildActionMask = 2147483647;
			files = (
				5E0ECDFA2D27F212001E4F10 /* LaunchScreen.storyboard in Resources */,
				5E0ECDF72D27F212001E4F10 /* Assets.xcassets in Resources */,
				5E0ECDF52D27F210001E4F10 /* Main.storyboard in Resources */,
			);
			runOnlyForDeploymentPostprocessing = 0;
		};
/* End PBXResourcesBuildPhase section */

/* Begin PBXSourcesBuildPhase section */
		5E0ECDE62D27F210001E4F10 /* Sources */ = {
			isa = PBXSourcesBuildPhase;
			buildActionMask = 2147483647;
			files = (
				5E0ECE242D2AB233001E4F10 /* ADTableViewCell.swift in Sources */,
				5E0ECE2A2D2AD598001E4F10 /* ShoppingTableViewCell.swift in Sources */,
				5E0ECE282D2AD407001E4F10 /* ShoppingInfo.swift in Sources */,
				5E0ECE2C2D2AD691001E4F10 /* ShoppingListTableViewCell.swift in Sources */,
				5E0ECE262D2AD3D0001E4F10 /* ShoppingTableViewController.swift in Sources */,
				5E0ECDF22D27F210001E4F10 /* ViewController.swift in Sources */,
				5E0ECE0B2D27F771001E4F10 /* MagazineInfoTableViewCell.swift in Sources */,
				5E0ECE092D27F6F0001E4F10 /* MagazineInfoTableViewController.swift in Sources */,
				5E0ECE062D27F41D001E4F10 /* TravelInfo.swift in Sources */,
				5E0ECDEE2D27F210001E4F10 /* AppDelegate.swift in Sources */,
				5E0ECDF02D27F210001E4F10 /* SceneDelegate.swift in Sources */,
				5E0ECE072D27F41D001E4F10 /* MagazineInfo.swift in Sources */,
				5E0ECE222D299671001E4F10 /* TravelInfoTableViewCell.swift in Sources */,
				5E0ECE202D29911D001E4F10 /* TravelInfoTableViewController.swift in Sources */,
			);
			runOnlyForDeploymentPostprocessing = 0;
		};
/* End PBXSourcesBuildPhase section */

/* Begin PBXVariantGroup section */
		5E0ECDF32D27F210001E4F10 /* Main.storyboard */ = {
			isa = PBXVariantGroup;
			children = (
				5E0ECDF42D27F210001E4F10 /* Base */,
			);
			name = Main.storyboard;
			sourceTree = "<group>";
		};
		5E0ECDF82D27F212001E4F10 /* LaunchScreen.storyboard */ = {
			isa = PBXVariantGroup;
			children = (
				5E0ECDF92D27F212001E4F10 /* Base */,
			);
			name = LaunchScreen.storyboard;
			sourceTree = "<group>";
		};
/* End PBXVariantGroup section */

/* Begin XCBuildConfiguration section */
		5E0ECDFC2D27F212001E4F10 /* Debug */ = {
			isa = XCBuildConfiguration;
			buildSettings = {
				ALWAYS_SEARCH_USER_PATHS = NO;
				ASSETCATALOG_COMPILER_GENERATE_SWIFT_ASSET_SYMBOL_EXTENSIONS = YES;
				CLANG_ANALYZER_NONNULL = YES;
				CLANG_ANALYZER_NUMBER_OBJECT_CONVERSION = YES_AGGRESSIVE;
				CLANG_CXX_LANGUAGE_STANDARD = "gnu++20";
				CLANG_ENABLE_MODULES = YES;
				CLANG_ENABLE_OBJC_ARC = YES;
				CLANG_ENABLE_OBJC_WEAK = YES;
				CLANG_WARN_BLOCK_CAPTURE_AUTORELEASING = YES;
				CLANG_WARN_BOOL_CONVERSION = YES;
				CLANG_WARN_COMMA = YES;
				CLANG_WARN_CONSTANT_CONVERSION = YES;
				CLANG_WARN_DEPRECATED_OBJC_IMPLEMENTATIONS = YES;
				CLANG_WARN_DIRECT_OBJC_ISA_USAGE = YES_ERROR;
				CLANG_WARN_DOCUMENTATION_COMMENTS = YES;
				CLANG_WARN_EMPTY_BODY = YES;
				CLANG_WARN_ENUM_CONVERSION = YES;
				CLANG_WARN_INFINITE_RECURSION = YES;
				CLANG_WARN_INT_CONVERSION = YES;
				CLANG_WARN_NON_LITERAL_NULL_CONVERSION = YES;
				CLANG_WARN_OBJC_IMPLICIT_RETAIN_SELF = YES;
				CLANG_WARN_OBJC_LITERAL_CONVERSION = YES;
				CLANG_WARN_OBJC_ROOT_CLASS = YES_ERROR;
				CLANG_WARN_QUOTED_INCLUDE_IN_FRAMEWORK_HEADER = YES;
				CLANG_WARN_RANGE_LOOP_ANALYSIS = YES;
				CLANG_WARN_STRICT_PROTOTYPES = YES;
				CLANG_WARN_SUSPICIOUS_MOVE = YES;
				CLANG_WARN_UNGUARDED_AVAILABILITY = YES_AGGRESSIVE;
				CLANG_WARN_UNREACHABLE_CODE = YES;
				CLANG_WARN__DUPLICATE_METHOD_MATCH = YES;
				COPY_PHASE_STRIP = NO;
				DEBUG_INFORMATION_FORMAT = dwarf;
				ENABLE_STRICT_OBJC_MSGSEND = YES;
				ENABLE_TESTABILITY = YES;
				ENABLE_USER_SCRIPT_SANDBOXING = YES;
				GCC_C_LANGUAGE_STANDARD = gnu17;
				GCC_DYNAMIC_NO_PIC = NO;
				GCC_NO_COMMON_BLOCKS = YES;
				GCC_OPTIMIZATION_LEVEL = 0;
				GCC_PREPROCESSOR_DEFINITIONS = (
					"DEBUG=1",
					"$(inherited)",
				);
				GCC_WARN_64_TO_32_BIT_CONVERSION = YES;
				GCC_WARN_ABOUT_RETURN_TYPE = YES_ERROR;
				GCC_WARN_UNDECLARED_SELECTOR = YES;
				GCC_WARN_UNINITIALIZED_AUTOS = YES_AGGRESSIVE;
				GCC_WARN_UNUSED_FUNCTION = YES;
				GCC_WARN_UNUSED_VARIABLE = YES;
				IPHONEOS_DEPLOYMENT_TARGET = 17.2;
				LOCALIZATION_PREFERS_STRING_CATALOGS = YES;
				MTL_ENABLE_DEBUG_INFO = INCLUDE_SOURCE;
				MTL_FAST_MATH = YES;
				ONLY_ACTIVE_ARCH = YES;
				SDKROOT = iphoneos;
				SWIFT_ACTIVE_COMPILATION_CONDITIONS = "DEBUG $(inherited)";
				SWIFT_OPTIMIZATION_LEVEL = "-Onone";
			};
			name = Debug;
		};
		5E0ECDFD2D27F212001E4F10 /* Release */ = {
			isa = XCBuildConfiguration;
			buildSettings = {
				ALWAYS_SEARCH_USER_PATHS = NO;
				ASSETCATALOG_COMPILER_GENERATE_SWIFT_ASSET_SYMBOL_EXTENSIONS = YES;
				CLANG_ANALYZER_NONNULL = YES;
				CLANG_ANALYZER_NUMBER_OBJECT_CONVERSION = YES_AGGRESSIVE;
				CLANG_CXX_LANGUAGE_STANDARD = "gnu++20";
				CLANG_ENABLE_MODULES = YES;
				CLANG_ENABLE_OBJC_ARC = YES;
				CLANG_ENABLE_OBJC_WEAK = YES;
				CLANG_WARN_BLOCK_CAPTURE_AUTORELEASING = YES;
				CLANG_WARN_BOOL_CONVERSION = YES;
				CLANG_WARN_COMMA = YES;
				CLANG_WARN_CONSTANT_CONVERSION = YES;
				CLANG_WARN_DEPRECATED_OBJC_IMPLEMENTATIONS = YES;
				CLANG_WARN_DIRECT_OBJC_ISA_USAGE = YES_ERROR;
				CLANG_WARN_DOCUMENTATION_COMMENTS = YES;
				CLANG_WARN_EMPTY_BODY = YES;
				CLANG_WARN_ENUM_CONVERSION = YES;
				CLANG_WARN_INFINITE_RECURSION = YES;
				CLANG_WARN_INT_CONVERSION = YES;
				CLANG_WARN_NON_LITERAL_NULL_CONVERSION = YES;
				CLANG_WARN_OBJC_IMPLICIT_RETAIN_SELF = YES;
				CLANG_WARN_OBJC_LITERAL_CONVERSION = YES;
				CLANG_WARN_OBJC_ROOT_CLASS = YES_ERROR;
				CLANG_WARN_QUOTED_INCLUDE_IN_FRAMEWORK_HEADER = YES;
				CLANG_WARN_RANGE_LOOP_ANALYSIS = YES;
				CLANG_WARN_STRICT_PROTOTYPES = YES;
				CLANG_WARN_SUSPICIOUS_MOVE = YES;
				CLANG_WARN_UNGUARDED_AVAILABILITY = YES_AGGRESSIVE;
				CLANG_WARN_UNREACHABLE_CODE = YES;
				CLANG_WARN__DUPLICATE_METHOD_MATCH = YES;
				COPY_PHASE_STRIP = NO;
				DEBUG_INFORMATION_FORMAT = "dwarf-with-dsym";
				ENABLE_NS_ASSERTIONS = NO;
				ENABLE_STRICT_OBJC_MSGSEND = YES;
				ENABLE_USER_SCRIPT_SANDBOXING = YES;
				GCC_C_LANGUAGE_STANDARD = gnu17;
				GCC_NO_COMMON_BLOCKS = YES;
				GCC_WARN_64_TO_32_BIT_CONVERSION = YES;
				GCC_WARN_ABOUT_RETURN_TYPE = YES_ERROR;
				GCC_WARN_UNDECLARED_SELECTOR = YES;
				GCC_WARN_UNINITIALIZED_AUTOS = YES_AGGRESSIVE;
				GCC_WARN_UNUSED_FUNCTION = YES;
				GCC_WARN_UNUSED_VARIABLE = YES;
				IPHONEOS_DEPLOYMENT_TARGET = 17.2;
				LOCALIZATION_PREFERS_STRING_CATALOGS = YES;
				MTL_ENABLE_DEBUG_INFO = NO;
				MTL_FAST_MATH = YES;
				SDKROOT = iphoneos;
				SWIFT_COMPILATION_MODE = wholemodule;
				VALIDATE_PRODUCT = YES;
			};
			name = Release;
		};
		5E0ECDFF2D27F212001E4F10 /* Debug */ = {
			isa = XCBuildConfiguration;
			buildSettings = {
				ASSETCATALOG_COMPILER_APPICON_NAME = AppIcon;
				ASSETCATALOG_COMPILER_GLOBAL_ACCENT_COLOR_NAME = AccentColor;
				CODE_SIGN_STYLE = Automatic;
				CURRENT_PROJECT_VERSION = 1;
				GENERATE_INFOPLIST_FILE = YES;
				INFOPLIST_FILE = SeSacHW8/Info.plist;
				INFOPLIST_KEY_UIApplicationSupportsIndirectInputEvents = YES;
				INFOPLIST_KEY_UILaunchStoryboardName = LaunchScreen;
				INFOPLIST_KEY_UIMainStoryboardFile = Main;
				INFOPLIST_KEY_UISupportedInterfaceOrientations_iPad = "UIInterfaceOrientationPortrait UIInterfaceOrientationPortraitUpsideDown UIInterfaceOrientationLandscapeLeft UIInterfaceOrientationLandscapeRight";
				INFOPLIST_KEY_UISupportedInterfaceOrientations_iPhone = "UIInterfaceOrientationPortrait UIInterfaceOrientationLandscapeLeft UIInterfaceOrientationLandscapeRight";
				LD_RUNPATH_SEARCH_PATHS = (
					"$(inherited)",
					"@executable_path/Frameworks",
				);
				MARKETING_VERSION = 1.0;
				PRODUCT_BUNDLE_IDENTIFIER = com.hoon.SeSacHW8;
				PRODUCT_NAME = "$(TARGET_NAME)";
				SUPPORTED_PLATFORMS = "iphoneos iphonesimulator";
				SUPPORTS_MACCATALYST = NO;
				SUPPORTS_MAC_DESIGNED_FOR_IPHONE_IPAD = NO;
				SUPPORTS_XR_DESIGNED_FOR_IPHONE_IPAD = NO;
				SWIFT_EMIT_LOC_STRINGS = YES;
				SWIFT_VERSION = 5.0;
				TARGETED_DEVICE_FAMILY = 1;
			};
			name = Debug;
		};
		5E0ECE002D27F212001E4F10 /* Release */ = {
			isa = XCBuildConfiguration;
			buildSettings = {
				ASSETCATALOG_COMPILER_APPICON_NAME = AppIcon;
				ASSETCATALOG_COMPILER_GLOBAL_ACCENT_COLOR_NAME = AccentColor;
				CODE_SIGN_STYLE = Automatic;
				CURRENT_PROJECT_VERSION = 1;
				GENERATE_INFOPLIST_FILE = YES;
				INFOPLIST_FILE = SeSacHW8/Info.plist;
				INFOPLIST_KEY_UIApplicationSupportsIndirectInputEvents = YES;
				INFOPLIST_KEY_UILaunchStoryboardName = LaunchScreen;
				INFOPLIST_KEY_UIMainStoryboardFile = Main;
				INFOPLIST_KEY_UISupportedInterfaceOrientations_iPad = "UIInterfaceOrientationPortrait UIInterfaceOrientationPortraitUpsideDown UIInterfaceOrientationLandscapeLeft UIInterfaceOrientationLandscapeRight";
				INFOPLIST_KEY_UISupportedInterfaceOrientations_iPhone = "UIInterfaceOrientationPortrait UIInterfaceOrientationLandscapeLeft UIInterfaceOrientationLandscapeRight";
				LD_RUNPATH_SEARCH_PATHS = (
					"$(inherited)",
					"@executable_path/Frameworks",
				);
				MARKETING_VERSION = 1.0;
				PRODUCT_BUNDLE_IDENTIFIER = com.hoon.SeSacHW8;
				PRODUCT_NAME = "$(TARGET_NAME)";
				SUPPORTED_PLATFORMS = "iphoneos iphonesimulator";
				SUPPORTS_MACCATALYST = NO;
				SUPPORTS_MAC_DESIGNED_FOR_IPHONE_IPAD = NO;
				SUPPORTS_XR_DESIGNED_FOR_IPHONE_IPAD = NO;
				SWIFT_EMIT_LOC_STRINGS = YES;
				SWIFT_VERSION = 5.0;
				TARGETED_DEVICE_FAMILY = 1;
			};
			name = Release;
		};
/* End XCBuildConfiguration section */

/* Begin XCConfigurationList section */
		5E0ECDE52D27F210001E4F10 /* Build configuration list for PBXProject "SeSacHW8" */ = {
			isa = XCConfigurationList;
			buildConfigurations = (
				5E0ECDFC2D27F212001E4F10 /* Debug */,
				5E0ECDFD2D27F212001E4F10 /* Release */,
			);
			defaultConfigurationIsVisible = 0;
			defaultConfigurationName = Release;
		};
		5E0ECDFE2D27F212001E4F10 /* Build configuration list for PBXNativeTarget "SeSacHW8" */ = {
			isa = XCConfigurationList;
			buildConfigurations = (
				5E0ECDFF2D27F212001E4F10 /* Debug */,
				5E0ECE002D27F212001E4F10 /* Release */,
			);
			defaultConfigurationIsVisible = 0;
			defaultConfigurationName = Release;
		};
/* End XCConfigurationList section */

/* Begin XCRemoteSwiftPackageReference section */
		5E0ECE012D27F2A5001E4F10 /* XCRemoteSwiftPackageReference "Kingfisher" */ = {
			isa = XCRemoteSwiftPackageReference;
			repositoryURL = "https://github.com/onevcat/Kingfisher";
			requirement = {
				kind = upToNextMajorVersion;
				minimumVersion = 8.1.3;
			};
		};
/* End XCRemoteSwiftPackageReference section */

/* Begin XCSwiftPackageProductDependency section */
		5E0ECE022D27F2A5001E4F10 /* Kingfisher */ = {
			isa = XCSwiftPackageProductDependency;
			package = 5E0ECE012D27F2A5001E4F10 /* XCRemoteSwiftPackageReference "Kingfisher" */;
			productName = Kingfisher;
		};
/* End XCSwiftPackageProductDependency section */
	};
	rootObject = 5E0ECDE22D27F210001E4F10 /* Project object */;
}
